
Microsoft Visual Studio Solution File, Format Version 12.00
# Visual Studio Version 17
VisualStudioVersion = 17.11.35327.3
MinimumVisualStudioVersion = 10.0.40219.1
Project("{FAE04EC0-301F-11D3-BF4B-00C04F79EFBC}") = "Boundary", "Boundary\Boundary.csproj", "{4769699D-B819-4881-92C3-7D4CE6CA1EEE}"
EndProject
Global
	GlobalSection(SolutionConfigurationPlatforms) = preSolution
		Debug|Any CPU = Debug|Any CPU
		Release|Any CPU = Release|Any CPU
	EndGlobalSection
	GlobalSection(ProjectConfigurationPlatforms) = postSolution
		{4769699D-B819-4881-92C3-7D4CE6CA1EEE}.Debug|Any CPU.ActiveCfg = Debug|Any CPU
		{4769699D-B819-4881-92C3-7D4CE6CA1EEE}.Debug|Any CPU.Build.0 = Debug|Any CPU
		{4769699D-B819-4881-92C3-7D4CE6CA1EEE}.Release|Any CPU.ActiveCfg = Release|Any CPU
		{4769699D-B819-4881-92C3-7D4CE6CA1EEE}.Release|Any CPU.Build.0 = Release|Any CPU
	EndGlobalSection
	GlobalSection(SolutionProperties) = preSolution
		HideSolutionNode = FALSE
	EndGlobalSection
	GlobalSection(ExtensibilityGlobals) = postSolution
		SolutionGuid = {29BABEFB-8D0D-4A9A-8002-ECD035C8BCA3}
	EndGlobalSection
EndGlobal
